// !$*UTF8*$!
{
	archiveVersion = 1;
	classes = {
	};
	objectVersion = 56;
	objects = {

/* Begin PBXBuildFile section */
		60EE4FBA2A328558009C93CD /* ProtocolBootcampApp.swift in Sources */ = {isa = PBXBuildFile; fileRef = 60EE4FB92A328558009C93CD /* ProtocolBootcampApp.swift */; };
		60EE4FBC2A328558009C93CD /* ContentView.swift in Sources */ = {isa = PBXBuildFile; fileRef = 60EE4FBB2A328558009C93CD /* ContentView.swift */; };
		60EE4FBE2A32855A009C93CD /* Assets.xcassets in Resources */ = {isa = PBXBuildFile; fileRef = 60EE4FBD2A32855A009C93CD /* Assets.xcassets */; };
		60EE4FC12A32855A009C93CD /* Preview Assets.xcassets in Resources */ = {isa = PBXBuildFile; fileRef = 60EE4FC02A32855A009C93CD /* Preview Assets.xcassets */; };
		60EE4FC82A328AF1009C93CD /* ColorThemeProtocol.swift in Sources */ = {isa = PBXBuildFile; fileRef = 60EE4FC72A328AF1009C93CD /* ColorThemeProtocol.swift */; };
		60EE4FCA2A328DF3009C93CD /* ProtocolView.swift in Sources */ = {isa = PBXBuildFile; fileRef = 60EE4FC92A328DF3009C93CD /* ProtocolView.swift */; };
		60EE4FD32A329D78009C93CD /* ButtonProtocol.swift in Sources */ = {isa = PBXBuildFile; fileRef = 60EE4FD22A329D78009C93CD /* ButtonProtocol.swift */; };
/* End PBXBuildFile section */

/* Begin PBXFileReference section */
		60EE4FB62A328558009C93CD /* ProtocolBootcamp.app */ = {isa = PBXFileReference; explicitFileType = wrapper.application; includeInIndex = 0; path = ProtocolBootcamp.app; sourceTree = BUILT_PRODUCTS_DIR; };
		60EE4FB92A328558009C93CD /* ProtocolBootcampApp.swift */ = {isa = PBXFileReference; lastKnownFileType = sourcecode.swift; path = ProtocolBootcampApp.swift; sourceTree = "<group>"; };
		60EE4FBB2A328558009C93CD /* ContentView.swift */ = {isa = PBXFileReference; lastKnownFileType = sourcecode.swift; path = ContentView.swift; sourceTree = "<group>"; };
		60EE4FBD2A32855A009C93CD /* Assets.xcassets */ = {isa = PBXFileReference; lastKnownFileType = folder.assetcatalog; path = Assets.xcassets; sourceTree = "<group>"; };
		60EE4FC02A32855A009C93CD /* Preview Assets.xcassets */ = {isa = PBXFileReference; lastKnownFileType = folder.assetcatalog; path = "Preview Assets.xcassets"; sourceTree = "<group>"; };
		60EE4FC72A328AF1009C93CD /* ColorThemeProtocol.swift */ = {isa = PBXFileReference; lastKnownFileType = sourcecode.swift; path = ColorThemeProtocol.swift; sourceTree = "<group>"; };
		60EE4FC92A328DF3009C93CD /* ProtocolView.swift */ = {isa = PBXFileReference; lastKnownFileType = sourcecode.swift; path = ProtocolView.swift; sourceTree = "<group>"; };
		60EE4FD22A329D78009C93CD /* ButtonProtocol.swift */ = {isa = PBXFileReference; lastKnownFileType = sourcecode.swift; path = ButtonProtocol.swift; sourceTree = "<group>"; };
/* End PBXFileReference section */

/* Begin PBXFrameworksBuildPhase section */
		60EE4FB32A328558009C93CD /* Frameworks */ = {
			isa = PBXFrameworksBuildPhase;
			buildActionMask = 2147483647;
			files = (
			);
			runOnlyForDeploymentPostprocessing = 0;
		};
/* End PBXFrameworksBuildPhase section */

/* Begin PBXGroup section */
		60EE4FAD2A328558009C93CD = {
			isa = PBXGroup;
			children = (
				60EE4FB82A328558009C93CD /* ProtocolBootcamp */,
				60EE4FB72A328558009C93CD /* Products */,
			);
			sourceTree = "<group>";
		};
		60EE4FB72A328558009C93CD /* Products */ = {
			isa = PBXGroup;
			children = (
				60EE4FB62A328558009C93CD /* ProtocolBootcamp.app */,
			);
			name = Products;
			sourceTree = "<group>";
		};
		60EE4FB82A328558009C93CD /* ProtocolBootcamp */ = {
			isa = PBXGroup;
			children = (
				60EE4FCE2A32965B009C93CD /* Protocols */,
				60EE4FCD2A329643009C93CD /* Views */,
				60EE4FB92A328558009C93CD /* ProtocolBootcampApp.swift */,
				60EE4FBB2A328558009C93CD /* ContentView.swift */,
				60EE4FBD2A32855A009C93CD /* Assets.xcassets */,
				60EE4FBF2A32855A009C93CD /* Preview Content */,
			);
			path = ProtocolBootcamp;
			sourceTree = "<group>";
		};
		60EE4FBF2A32855A009C93CD /* Preview Content */ = {
			isa = PBXGroup;
			children = (
				60EE4FC02A32855A009C93CD /* Preview Assets.xcassets */,
			);
			path = "Preview Content";
			sourceTree = "<group>";
		};
		60EE4FCD2A329643009C93CD /* Views */ = {
			isa = PBXGroup;
			children = (
				60EE4FC92A328DF3009C93CD /* ProtocolView.swift */,
			);
			path = Views;
			sourceTree = "<group>";
		};
		60EE4FCE2A32965B009C93CD /* Protocols */ = {
			isa = PBXGroup;
			children = (
				60EE4FC72A328AF1009C93CD /* ColorThemeProtocol.swift */,
				60EE4FD22A329D78009C93CD /* ButtonProtocol.swift */,
			);
			path = Protocols;
			sourceTree = "<group>";
		};
/* End PBXGroup section */

/* Begin PBXNativeTarget section */
		60EE4FB52A328558009C93CD /* ProtocolBootcamp */ = {
			isa = PBXNativeTarget;
			buildConfigurationList = 60EE4FC42A32855A009C93CD /* Build configuration list for PBXNativeTarget "ProtocolBootcamp" */;
			buildPhases = (
				60EE4FB22A328558009C93CD /* Sources */,
				60EE4FB32A328558009C93CD /* Frameworks */,
				60EE4FB42A328558009C93CD /* Resources */,
			);
			buildRules = (
			);
			dependencies = (
			);
			name = ProtocolBootcamp;
			productName = ProtocolBootcamp;
			productReference = 60EE4FB62A328558009C93CD /* ProtocolBootcamp.app */;
			productType = "com.apple.product-type.application";
		};
/* End PBXNativeTarget section */

/* Begin PBXProject section */
		60EE4FAE2A328558009C93CD /* Project object */ = {
			isa = PBXProject;
			attributes = {
				BuildIndependentTargetsInParallel = 1;
				LastSwiftUpdateCheck = 1430;
				LastUpgradeCheck = 1430;
				TargetAttributes = {
					60EE4FB52A328558009C93CD = {
						CreatedOnToolsVersion = 14.3;
					};
				};
			};
			buildConfigurationList = 60EE4FB12A328558009C93CD /* Build configuration list for PBXProject "ProtocolBootcamp" */;
			compatibilityVersion = "Xcode 14.0";
			developmentRegion = en;
			hasScannedForEncodings = 0;
			knownRegions = (
				en,
				Base,
			);
			mainGroup = 60EE4FAD2A328558009C93CD;
			productRefGroup = 60EE4FB72A328558009C93CD /* Products */;
			projectDirPath = "";
			projectRoot = "";
			targets = (
				60EE4FB52A328558009C93CD /* ProtocolBootcamp */,
			);
		};
/* End PBXProject section */

/* Begin PBXResourcesBuildPhase section */
		60EE4FB42A328558009C93CD /* Resources */ = {
			isa = PBXResourcesBuildPhase;
			buildActionMask = 2147483647;
			files = (
				60EE4FC12A32855A009C93CD /* Preview Assets.xcassets in Resources */,
				60EE4FBE2A32855A009C93CD /* Assets.xcassets in Resources */,
			);
			runOnlyForDeploymentPostprocessing = 0;
		};
/* End PBXResourcesBuildPhase section */

/* Begin PBXSourcesBuildPhase section */
		60EE4FB22A328558009C93CD /* Sources */ = {
			isa = PBXSourcesBuildPhase;
			buildActionMask = 2147483647;
			files = (
				60EE4FD32A329D78009C93CD /* ButtonProtocol.swift in Sources */,
				60EE4FC82A328AF1009C93CD /* ColorThemeProtocol.swift in Sources */,
				60EE4FBC2A328558009C93CD /* ContentView.swift in Sources */,
				60EE4FCA2A328DF3009C93CD /* ProtocolView.swift in Sources */,
				60EE4FBA2A328558009C93CD /* ProtocolBootcampApp.swift in Sources */,
			);
			runOnlyForDeploymentPostprocessing = 0;
		};
/* End PBXSourcesBuildPhase section */

/* Begin XCBuildConfiguration section */
		60EE4FC22A32855A009C93CD /* Debug */ = {
			isa = XCBuildConfiguration;
			buildSettings = {
				ALWAYS_SEARCH_USER_PATHS = NO;
				CLANG_ANALYZER_NONNULL = YES;
				CLANG_ANALYZER_NUMBER_OBJECT_CONVERSION = YES_AGGRESSIVE;
				CLANG_CXX_LANGUAGE_STANDARD = "gnu++20";
				CLANG_ENABLE_MODULES = YES;
				CLANG_ENABLE_OBJC_ARC = YES;
				CLANG_ENABLE_OBJC_WEAK = YES;
				CLANG_WARN_BLOCK_CAPTURE_AUTORELEASING = YES;
				CLANG_WARN_BOOL_CONVERSION = YES;
				CLANG_WARN_COMMA = YES;
				CLANG_WARN_CONSTANT_CONVERSION = YES;
				CLANG_WARN_DEPRECATED_OBJC_IMPLEMENTATIONS = YES;
				CLANG_WARN_DIRECT_OBJC_ISA_USAGE = YES_ERROR;
				CLANG_WARN_DOCUMENTATION_COMMENTS = YES;
				CLANG_WARN_EMPTY_BODY = YES;
				CLANG_WARN_ENUM_CONVERSION = YES;
				CLANG_WARN_INFINITE_RECURSION = YES;
				CLANG_WARN_INT_CONVERSION = YES;
				CLANG_WARN_NON_LITERAL_NULL_CONVERSION = YES;
				CLANG_WARN_OBJC_IMPLICIT_RETAIN_SELF = YES;
				CLANG_WARN_OBJC_LITERAL_CONVERSION = YES;
				CLANG_WARN_OBJC_ROOT_CLASS = YES_ERROR;
				CLANG_WARN_QUOTED_INCLUDE_IN_FRAMEWORK_HEADER = YES;
				CLANG_WARN_RANGE_LOOP_ANALYSIS = YES;
				CLANG_WARN_STRICT_PROTOTYPES = YES;
				CLANG_WARN_SUSPICIOUS_MOVE = YES;
				CLANG_WARN_UNGUARDED_AVAILABILITY = YES_AGGRESSIVE;
				CLANG_WARN_UNREACHABLE_CODE = YES;
				CLANG_WARN__DUPLICATE_METHOD_MATCH = YES;
				COPY_PHASE_STRIP = NO;
				DEBUG_INFORMATION_FORMAT = dwarf;
				ENABLE_STRICT_OBJC_MSGSEND = YES;
				ENABLE_TESTABILITY = YES;
				GCC_C_LANGUAGE_STANDARD = gnu11;
				GCC_DYNAMIC_NO_PIC = NO;
				GCC_NO_COMMON_BLOCKS = YES;
				GCC_OPTIMIZATION_LEVEL = 0;
				GCC_PREPROCESSOR_DEFINITIONS = (
					"DEBUG=1",
					"$(inherited)",
				);
				GCC_WARN_64_TO_32_BIT_CONVERSION = YES;
				GCC_WARN_ABOUT_RETURN_TYPE = YES_ERROR;
				GCC_WARN_UNDECLARED_SELECTOR = YES;
				GCC_WARN_UNINITIALIZED_AUTOS = YES_AGGRESSIVE;
				GCC_WARN_UNUSED_FUNCTION = YES;
				GCC_WARN_UNUSED_VARIABLE = YES;
				IPHONEOS_DEPLOYMENT_TARGET = 16.4;
				MTL_ENABLE_DEBUG_INFO = INCLUDE_SOURCE;
				MTL_FAST_MATH = YES;
				ONLY_ACTIVE_ARCH = YES;
				SDKROOT = iphoneos;
				SWIFT_ACTIVE_COMPILATION_CONDITIONS = DEBUG;
				SWIFT_OPTIMIZATION_LEVEL = "-Onone";
			};
			name = Debug;
		};
		60EE4FC32A32855A009C93CD /* Release */ = {
			isa = XCBuildConfiguration;
			buildSettings = {
				ALWAYS_SEARCH_USER_PATHS = NO;
				CLANG_ANALYZER_NONNULL = YES;
				CLANG_ANALYZER_NUMBER_OBJECT_CONVERSION = YES_AGGRESSIVE;
				CLANG_CXX_LANGUAGE_STANDARD = "gnu++20";
				CLANG_ENABLE_MODULES = YES;
				CLANG_ENABLE_OBJC_ARC = YES;
				CLANG_ENABLE_OBJC_WEAK = YES;
				CLANG_WARN_BLOCK_CAPTURE_AUTORELEASING = YES;
				CLANG_WARN_BOOL_CONVERSION = YES;
				CLANG_WARN_COMMA = YES;
				CLANG_WARN_CONSTANT_CONVERSION = YES;
				CLANG_WARN_DEPRECATED_OBJC_IMPLEMENTATIONS = YES;
				CLANG_WARN_DIRECT_OBJC_ISA_USAGE = YES_ERROR;
				CLANG_WARN_DOCUMENTATION_COMMENTS = YES;
				CLANG_WARN_EMPTY_BODY = YES;
				CLANG_WARN_ENUM_CONVERSION = YES;
				CLANG_WARN_INFINITE_RECURSION = YES;
				CLANG_WARN_INT_CONVERSION = YES;
				CLANG_WARN_NON_LITERAL_NULL_CONVERSION = YES;
				CLANG_WARN_OBJC_IMPLICIT_RETAIN_SELF = YES;
				CLANG_WARN_OBJC_LITERAL_CONVERSION = YES;
				CLANG_WARN_OBJC_ROOT_CLASS = YES_ERROR;
				CLANG_WARN_QUOTED_INCLUDE_IN_FRAMEWORK_HEADER = YES;
				CLANG_WARN_RANGE_LOOP_ANALYSIS = YES;
				CLANG_WARN_STRICT_PROTOTYPES = YES;
				CLANG_WARN_SUSPICIOUS_MOVE = YES;
				CLANG_WARN_UNGUARDED_AVAILABILITY = YES_AGGRESSIVE;
				CLANG_WARN_UNREACHABLE_CODE = YES;
				CLANG_WARN__DUPLICATE_METHOD_MATCH = YES;
				COPY_PHASE_STRIP = NO;
				DEBUG_INFORMATION_FORMAT = "dwarf-with-dsym";
				ENABLE_NS_ASSERTIONS = NO;
				ENABLE_STRICT_OBJC_MSGSEND = YES;
				GCC_C_LANGUAGE_STANDARD = gnu11;
				GCC_NO_COMMON_BLOCKS = YES;
				GCC_WARN_64_TO_32_BIT_CONVERSION = YES;
				GCC_WARN_ABOUT_RETURN_TYPE = YES_ERROR;
				GCC_WARN_UNDECLARED_SELECTOR = YES;
				GCC_WARN_UNINITIALIZED_AUTOS = YES_AGGRESSIVE;
				GCC_WARN_UNUSED_FUNCTION = YES;
				GCC_WARN_UNUSED_VARIABLE = YES;
				IPHONEOS_DEPLOYMENT_TARGET = 16.4;
				MTL_ENABLE_DEBUG_INFO = NO;
				MTL_FAST_MATH = YES;
				SDKROOT = iphoneos;
				SWIFT_COMPILATION_MODE = wholemodule;
				SWIFT_OPTIMIZATION_LEVEL = "-O";
				VALIDATE_PRODUCT = YES;
			};
			name = Release;
		};
		60EE4FC52A32855A009C93CD /* Debug */ = {
			isa = XCBuildConfiguration;
			buildSettings = {
				ASSETCATALOG_COMPILER_APPICON_NAME = AppIcon;
				ASSETCATALOG_COMPILER_GLOBAL_ACCENT_COLOR_NAME = AccentColor;
				CODE_SIGN_STYLE = Automatic;
				CURRENT_PROJECT_VERSION = 1;
				DEVELOPMENT_ASSET_PATHS = "\"ProtocolBootcamp/Preview Content\"";
				DEVELOPMENT_TEAM = U3LRV99U6L;
				ENABLE_PREVIEWS = YES;
				GENERATE_INFOPLIST_FILE = YES;
				INFOPLIST_KEY_UIApplicationSceneManifest_Generation = YES;
				INFOPLIST_KEY_UIApplicationSupportsIndirectInputEvents = YES;
				INFOPLIST_KEY_UILaunchScreen_Generation = YES;
				INFOPLIST_KEY_UISupportedInterfaceOrientations_iPad = "UIInterfaceOrientationPortrait UIInterfaceOrientationPortraitUpsideDown UIInterfaceOrientationLandscapeLeft UIInterfaceOrientationLandscapeRight";
				INFOPLIST_KEY_UISupportedInterfaceOrientations_iPhone = "UIInterfaceOrientationPortrait UIInterfaceOrientationLandscapeLeft UIInterfaceOrientationLandscapeRight";
				LD_RUNPATH_SEARCH_PATHS = (
					"$(inherited)",
					"@executable_path/Frameworks",
				);
				MARKETING_VERSION = 1.0;
				PRODUCT_BUNDLE_IDENTIFIER = com.kzk.ProtocolBootcamp;
				PRODUCT_NAME = "$(TARGET_NAME)";
				SWIFT_EMIT_LOC_STRINGS = YES;
				SWIFT_VERSION = 5.0;
				TARGETED_DEVICE_FAMILY = "1,2";
			};
			name = Debug;
		};
		60EE4FC62A32855A009C93CD /* Release */ = {
			isa = XCBuildConfiguration;
			buildSettings = {
				ASSETCATALOG_COMPILER_APPICON_NAME = AppIcon;
				ASSETCATALOG_COMPILER_GLOBAL_ACCENT_COLOR_NAME = AccentColor;
				CODE_SIGN_STYLE = Automatic;
				CURRENT_PROJECT_VERSION = 1;
				DEVELOPMENT_ASSET_PATHS = "\"ProtocolBootcamp/Preview Content\"";
				DEVELOPMENT_TEAM = U3LRV99U6L;
				ENABLE_PREVIEWS = YES;
				GENERATE_INFOPLIST_FILE = YES;
				INFOPLIST_KEY_UIApplicationSceneManifest_Generation = YES;
				INFOPLIST_KEY_UIApplicationSupportsIndirectInputEvents = YES;
				INFOPLIST_KEY_UILaunchScreen_Generation = YES;
				INFOPLIST_KEY_UISupportedInterfaceOrientations_iPad = "UIInterfaceOrientationPortrait UIInterfaceOrientationPortraitUpsideDown UIInterfaceOrientationLandscapeLeft UIInterfaceOrientationLandscapeRight";
				INFOPLIST_KEY_UISupportedInterfaceOrientations_iPhone = "UIInterfaceOrientationPortrait UIInterfaceOrientationLandscapeLeft UIInterfaceOrientationLandscapeRight";
				LD_RUNPATH_SEARCH_PATHS = (
					"$(inherited)",
					"@executable_path/Frameworks",
				);
				MARKETING_VERSION = 1.0;
				PRODUCT_BUNDLE_IDENTIFIER = com.kzk.ProtocolBootcamp;
				PRODUCT_NAME = "$(TARGET_NAME)";
				SWIFT_EMIT_LOC_STRINGS = YES;
				SWIFT_VERSION = 5.0;
				TARGETED_DEVICE_FAMILY = "1,2";
			};
			name = Release;
		};
/* End XCBuildConfiguration section */

/* Begin XCConfigurationList section */
		60EE4FB12A328558009C93CD /* Build configuration list for PBXProject "ProtocolBootcamp" */ = {
			isa = XCConfigurationList;
			buildConfigurations = (
				60EE4FC22A32855A009C93CD /* Debug */,
				60EE4FC32A32855A009C93CD /* Release */,
			);
			defaultConfigurationIsVisible = 0;
			defaultConfigurationName = Release;
		};
		60EE4FC42A32855A009C93CD /* Build configuration list for PBXNativeTarget "ProtocolBootcamp" */ = {
			isa = XCConfigurationList;
			buildConfigurations = (
				60EE4FC52A32855A009C93CD /* Debug */,
				60EE4FC62A32855A009C93CD /* Release */,
			);
			defaultConfigurationIsVisible = 0;
			defaultConfigurationName = Release;
		};
/* End XCConfigurationList section */
	};
	rootObject = 60EE4FAE2A328558009C93CD /* Project object */;
}
